
Microsoft Visual Studio Solution File, Format Version 12.00
# Visual Studio Version 16
VisualStudioVersion = 16.0.31515.178
MinimumVisualStudioVersion = 10.0.40219.1
Project("{FAE04EC0-301F-11D3-BF4B-00C04F79EFBC}") = "chromeURLgrabber", "chromeURLgrabber.csproj", "{387D1439-23A0-430F-A647-10328A4C4C22}"
EndProject
Global
	GlobalSection(SolutionConfigurationPlatforms) = preSolution
		Debug|Any CPU = Debug|Any CPU
		Release|Any CPU = Release|Any CPU
	EndGlobalSection
	GlobalSection(ProjectConfigurationPlatforms) = postSolution
		{387D1439-23A0-430F-A647-10328A4C4C22}.Debug|Any CPU.ActiveCfg = Debug|Any CPU
		{387D1439-23A0-430F-A647-10328A4C4C22}.Debug|Any CPU.Build.0 = Debug|Any CPU
		{387D1439-23A0-430F-A647-10328A4C4C22}.Release|Any CPU.ActiveCfg = Release|Any CPU
		{387D1439-23A0-430F-A647-10328A4C4C22}.Release|Any CPU.Build.0 = Release|Any CPU
	EndGlobalSection
	GlobalSection(SolutionProperties) = preSolution
		HideSolutionNode = FALSE
	EndGlobalSection
	GlobalSection(ExtensibilityGlobals) = postSolution
		SolutionGuid = {14472833-A794-4FCA-AE13-CF41E261782D}
	EndGlobalSection
EndGlobal
